
Microsoft Visual Studio Solution File, Format Version 12.00
# Visual Studio Version 17
VisualStudioVersion = 17.8.34330.188
MinimumVisualStudioVersion = 10.0.40219.1
Project("{FAE04EC0-301F-11D3-BF4B-00C04F79EFBC}") = "EmployeeAPI", "EmployeeAPI\EmployeeAPI.csproj", "{1D5301EF-3489-43BA-87BC-8486260F1EC1}"
EndProject
Global
	GlobalSection(SolutionConfigurationPlatforms) = preSolution
		Debug|Any CPU = Debug|Any CPU
		Release|Any CPU = Release|Any CPU
	EndGlobalSection
	GlobalSection(ProjectConfigurationPlatforms) = postSolution
		{1D5301EF-3489-43BA-87BC-8486260F1EC1}.Debug|Any CPU.ActiveCfg = Debug|Any CPU
		{1D5301EF-3489-43BA-87BC-8486260F1EC1}.Debug|Any CPU.Build.0 = Debug|Any CPU
		{1D5301EF-3489-43BA-87BC-8486260F1EC1}.Release|Any CPU.ActiveCfg = Release|Any CPU
		{1D5301EF-3489-43BA-87BC-8486260F1EC1}.Release|Any CPU.Build.0 = Release|Any CPU
	EndGlobalSection
	GlobalSection(SolutionProperties) = preSolution
		HideSolutionNode = FALSE
	EndGlobalSection
	GlobalSection(ExtensibilityGlobals) = postSolution
		SolutionGuid = {94F5F19F-0446-413D-8E69-A5D2A9152182}
	EndGlobalSection
EndGlobal
